
Microsoft Visual Studio Solution File, Format Version 12.00
# Visual Studio Version 16
VisualStudioVersion = 16.0.31729.503
MinimumVisualStudioVersion = 10.0.40219.1
Project("{FAE04EC0-301F-11D3-BF4B-00C04F79EFBC}") = "CheckPublicIPOwner", "CheckPublicIPOwner.csproj", "{68C9BFD5-A776-47B0-82C7-73B52A0B7270}"
EndProject
Global
	GlobalSection(SolutionConfigurationPlatforms) = preSolution
		Debug|Any CPU = Debug|Any CPU
		Release|Any CPU = Release|Any CPU
	EndGlobalSection
	GlobalSection(ProjectConfigurationPlatforms) = postSolution
		{68C9BFD5-A776-47B0-82C7-73B52A0B7270}.Debug|Any CPU.ActiveCfg = Debug|Any CPU
		{68C9BFD5-A776-47B0-82C7-73B52A0B7270}.Debug|Any CPU.Build.0 = Debug|Any CPU
		{68C9BFD5-A776-47B0-82C7-73B52A0B7270}.Release|Any CPU.ActiveCfg = Release|Any CPU
		{68C9BFD5-A776-47B0-82C7-73B52A0B7270}.Release|Any CPU.Build.0 = Release|Any CPU
	EndGlobalSection
	GlobalSection(SolutionProperties) = preSolution
		HideSolutionNode = FALSE
	EndGlobalSection
	GlobalSection(ExtensibilityGlobals) = postSolution
		SolutionGuid = {3AAD04D3-E561-4FD7-8F1A-DAF15BC67D4B}
	EndGlobalSection
EndGlobal
